{
  "version": 4,
  "terraform_version": "1.5.7",
  "serial": 80,
  "lineage": "cd9a740d-6ff9-161c-163c-a83be51d5d3b",
  "outputs": {},
  "resources": [
    {
      "mode": "data",
      "type": "azurerm_key_vault_secret",
      "name": "existing",
      "provider": "provider[\"registry.terraform.io/hashicorp/azurerm\"]",
      "instances": []
    },
    {
      "mode": "managed",
      "type": "azurerm_application_insights",
      "name": "app_insights",
      "provider": "provider[\"registry.terraform.io/hashicorp/azurerm\"]",
      "instances": [
        {
          "schema_version": 2,
          "attributes": {
            "app_id": "5bb90da0-8d0e-434f-bab1-003f5efbe4a2",
            "application_type": "web",
            "connection_string": "InstrumentationKey=146c4b24-ada8-49d3-942f-7de9bb6b0f18;IngestionEndpoint=https://westeurope-4.in.applicationinsights.azure.com/;LiveEndpoint=https://westeurope.livediagnostics.monitor.azure.com/;ApplicationId=5bb90da0-8d0e-434f-bab1-003f5efbe4a2",
            "daily_data_cap_in_gb": 100,
            "daily_data_cap_notifications_disabled": false,
            "disable_ip_masking": false,
            "force_customer_storage_for_profiler": false,
            "id": "/subscriptions/3e779c1e-902f-4065-8d0a-ae9d1e29401f/resourceGroups/rg-azure-secret-rotator-dev/providers/Microsoft.Insights/components/ai-azure-secret-rotator-dev",
            "instrumentation_key": "146c4b24-ada8-49d3-942f-7de9bb6b0f18",
            "internet_ingestion_enabled": true,
            "internet_query_enabled": true,
            "local_authentication_disabled": false,
            "location": "westeurope",
            "name": "ai-azure-secret-rotator-dev",
            "resource_group_name": "rg-azure-secret-rotator-dev",
            "retention_in_days": 90,
            "sampling_percentage": 100,
            "tags": {},
            "timeouts": null,
            "workspace_id": ""
          },
          "sensitive_attributes": [],
          "private": "eyJlMmJmYjczMC1lY2FhLTExZTYtOGY4OC0zNDM2M2JjN2M0YzAiOnsiY3JlYXRlIjozNjAwMDAwMDAwMDAwLCJkZWxldGUiOjE4MDAwMDAwMDAwMDAsInJlYWQiOjMwMDAwMDAwMDAwMCwidXBkYXRlIjoxODAwMDAwMDAwMDAwfSwic2NoZW1hX3ZlcnNpb24iOiIyIn0=",
          "dependencies": [
            "azurerm_resource_group.resource_group"
          ]
        }
      ]
    },
    {
      "mode": "managed",
      "type": "azurerm_container_group",
      "name": "container_instance",
      "provider": "provider[\"registry.terraform.io/hashicorp/azurerm\"]",
      "instances": [
        {
          "schema_version": 0,
          "attributes": {
            "container": [
              {
                "commands": [],
                "cpu": 0.25,
                "cpu_limit": 0,
                "environment_variables": {},
                "image": "containerjrdev.azurecr.io/samples/azure-secret-rotator:1.0.0",
                "liveness_probe": [],
                "memory": 0.5,
                "memory_limit": 0,
                "name": "azure-secret-rotator",
                "ports": [],
                "readiness_probe": [],
                "secure_environment_variables": {
                  "DOCKER_REGISTRY_SERVER_PASSWORD": "VhJ6/mpITOYCvTDZvES8wH2Y2g78jFY1ThtJzydojp+ACRCi4Tat"
                },
                "security": [],
                "volume": []
              }
            ],
            "diagnostics": [],
            "dns_config": [],
            "dns_name_label": null,
            "dns_name_label_reuse_policy": "Unsecure",
            "exposed_port": [],
            "fqdn": null,
            "id": "/subscriptions/3e779c1e-902f-4065-8d0a-ae9d1e29401f/resourceGroups/rg-azure-secret-rotator-dev/providers/Microsoft.ContainerInstance/containerGroups/ci-azure-secret-rotator-dev",
            "identity": [
              {
                "identity_ids": [],
                "principal_id": "c43bce13-8cfc-4561-ad0f-d08f0176e874",
                "tenant_id": "0a34f439-b45a-4e8f-8a7d-e83a8fcf9802",
                "type": "SystemAssigned"
              }
            ],
            "image_registry_credential": [
              {
                "password": "VhJ6/mpITOYCvTDZvES8wH2Y2g78jFY1ThtJzydojp+ACRCi4Tat",
                "server": "containerjrdev.azurecr.io",
                "user_assigned_identity_id": "",
                "username": "containerjrdev"
              }
            ],
            "init_container": [],
            "ip_address": null,
            "ip_address_type": "None",
            "key_vault_key_id": null,
            "key_vault_user_assigned_identity_id": null,
            "location": "westeurope",
            "name": "ci-azure-secret-rotator-dev",
            "network_profile_id": null,
            "os_type": "Linux",
            "priority": "",
            "resource_group_name": "rg-azure-secret-rotator-dev",
            "restart_policy": "Always",
            "sku": "Standard",
            "subnet_ids": [],
            "tags": {},
            "timeouts": null,
            "zones": []
          },
          "sensitive_attributes": [],
          "private": "eyJlMmJmYjczMC1lY2FhLTExZTYtOGY4OC0zNDM2M2JjN2M0YzAiOnsiY3JlYXRlIjozNjAwMDAwMDAwMDAwLCJkZWxldGUiOjE4MDAwMDAwMDAwMDAsInJlYWQiOjMwMDAwMDAwMDAwMCwidXBkYXRlIjoxODAwMDAwMDAwMDAwfX0=",
          "dependencies": [
            "azurerm_resource_group.resource_group",
            "azurerm_subnet.subnet1",
            "azurerm_virtual_network.vnet"
          ]
        }
      ]
    },
    {
      "mode": "managed",
      "type": "azurerm_key_vault",
      "name": "key_vault",
      "provider": "provider[\"registry.terraform.io/hashicorp/azurerm\"]",
      "instances": [
        {
          "schema_version": 2,
          "attributes": {
            "access_policy": [],
            "contact": [],
            "enable_rbac_authorization": true,
            "enabled_for_deployment": false,
            "enabled_for_disk_encryption": false,
            "enabled_for_template_deployment": false,
            "id": "/subscriptions/3e779c1e-902f-4065-8d0a-ae9d1e29401f/resourceGroups/rg-azure-secret-rotator-dev/providers/Microsoft.KeyVault/vaults/kvazsecrotator",
            "location": "westeurope",
            "name": "kvazsecrotator",
            "network_acls": [
              {
                "bypass": "AzureServices",
                "default_action": "Allow",
                "ip_rules": [
                  "212.149.156.146/32",
                  "87.94.154.178/32"
                ],
                "virtual_network_subnet_ids": []
              }
            ],
            "public_network_access_enabled": true,
            "purge_protection_enabled": false,
            "resource_group_name": "rg-azure-secret-rotator-dev",
            "sku_name": "standard",
            "soft_delete_retention_days": 90,
            "tags": {},
            "tenant_id": "0a34f439-b45a-4e8f-8a7d-e83a8fcf9802",
            "timeouts": null,
            "vault_uri": "https://kvazsecrotator.vault.azure.net/"
          },
          "sensitive_attributes": [],
          "private": "eyJlMmJmYjczMC1lY2FhLTExZTYtOGY4OC0zNDM2M2JjN2M0YzAiOnsiY3JlYXRlIjoxODAwMDAwMDAwMDAwLCJkZWxldGUiOjE4MDAwMDAwMDAwMDAsInJlYWQiOjMwMDAwMDAwMDAwMCwidXBkYXRlIjoxODAwMDAwMDAwMDAwfSwic2NoZW1hX3ZlcnNpb24iOiIyIn0=",
          "dependencies": [
            "azurerm_application_insights.app_insights",
            "azurerm_container_group.container_instance",
            "azurerm_resource_group.resource_group"
          ]
        }
      ]
    },
    {
      "mode": "managed",
      "type": "azurerm_key_vault_secret",
      "name": "key_vault_secrets",
      "provider": "provider[\"registry.terraform.io/hashicorp/azurerm\"]",
      "instances": []
    },
    {
      "mode": "managed",
      "type": "azurerm_resource_group",
      "name": "resource_group",
      "provider": "provider[\"registry.terraform.io/hashicorp/azurerm\"]",
      "instances": [
        {
          "schema_version": 0,
          "attributes": {
            "id": "/subscriptions/3e779c1e-902f-4065-8d0a-ae9d1e29401f/resourceGroups/rg-azure-secret-rotator-dev",
            "location": "westeurope",
            "managed_by": "",
            "name": "rg-azure-secret-rotator-dev",
            "tags": {},
            "timeouts": null
          },
          "sensitive_attributes": [],
          "private": "eyJlMmJmYjczMC1lY2FhLTExZTYtOGY4OC0zNDM2M2JjN2M0YzAiOnsiY3JlYXRlIjo1NDAwMDAwMDAwMDAwLCJkZWxldGUiOjU0MDAwMDAwMDAwMDAsInJlYWQiOjMwMDAwMDAwMDAwMCwidXBkYXRlIjo1NDAwMDAwMDAwMDAwfX0="
        }
      ]
    },
    {
      "mode": "managed",
      "type": "azurerm_role_assignment",
      "name": "key_vault_role_assignment",
      "provider": "provider[\"registry.terraform.io/hashicorp/azurerm\"]",
      "instances": [
        {
          "schema_version": 0,
          "attributes": {
            "condition": "",
            "condition_version": "",
            "delegated_managed_identity_resource_id": "",
            "description": "",
            "id": "/subscriptions/3e779c1e-902f-4065-8d0a-ae9d1e29401f/resourceGroups/rg-azure-secret-rotator-dev/providers/Microsoft.KeyVault/vaults/kvazsecrotator/providers/Microsoft.Authorization/roleAssignments/349a7f71-8e39-30d8-a948-0c243b3b6266",
            "name": "349a7f71-8e39-30d8-a948-0c243b3b6266",
            "principal_id": "c43bce13-8cfc-4561-ad0f-d08f0176e874",
            "principal_type": "ServicePrincipal",
            "role_definition_id": "/subscriptions/3e779c1e-902f-4065-8d0a-ae9d1e29401f/providers/Microsoft.Authorization/roleDefinitions/4633458b-17de-408a-b874-0445c86b69e6",
            "role_definition_name": "Key Vault Secrets User",
            "scope": "/subscriptions/3e779c1e-902f-4065-8d0a-ae9d1e29401f/resourceGroups/rg-azure-secret-rotator-dev/providers/Microsoft.KeyVault/vaults/kvazsecrotator",
            "skip_service_principal_aad_check": null,
            "timeouts": null
          },
          "sensitive_attributes": [],
          "private": "eyJlMmJmYjczMC1lY2FhLTExZTYtOGY4OC0zNDM2M2JjN2M0YzAiOnsiY3JlYXRlIjoxODAwMDAwMDAwMDAwLCJkZWxldGUiOjE4MDAwMDAwMDAwMDAsInJlYWQiOjMwMDAwMDAwMDAwMH19",
          "dependencies": [
            "azurerm_application_insights.app_insights",
            "azurerm_container_group.container_instance",
            "azurerm_key_vault.key_vault",
            "azurerm_resource_group.resource_group",
            "azurerm_subnet.subnet1",
            "azurerm_virtual_network.vnet"
          ]
        }
      ]
    },
    {
      "mode": "managed",
      "type": "azurerm_role_assignment",
      "name": "key_vault_role_assignment2",
      "provider": "provider[\"registry.terraform.io/hashicorp/azurerm\"]",
      "instances": [
        {
          "schema_version": 0,
          "attributes": {
            "condition": "",
            "condition_version": "",
            "delegated_managed_identity_resource_id": "",
            "description": "",
            "id": "/subscriptions/3e779c1e-902f-4065-8d0a-ae9d1e29401f/resourceGroups/rg-azure-secret-rotator-dev/providers/Microsoft.KeyVault/vaults/kvazsecrotator/providers/Microsoft.Authorization/roleAssignments/8192cc8c-fac1-cde3-02e2-cedb05e152d6",
            "name": "8192cc8c-fac1-cde3-02e2-cedb05e152d6",
            "principal_id": "a7bb40a6-fbe0-4a4c-a75b-1bb9b4d88218",
            "principal_type": "User",
            "role_definition_id": "/subscriptions/3e779c1e-902f-4065-8d0a-ae9d1e29401f/providers/Microsoft.Authorization/roleDefinitions/b86a8fe4-44ce-4948-aee5-eccb2c155cd7",
            "role_definition_name": "Key Vault Secrets Officer",
            "scope": "/subscriptions/3e779c1e-902f-4065-8d0a-ae9d1e29401f/resourceGroups/rg-azure-secret-rotator-dev/providers/Microsoft.KeyVault/vaults/kvazsecrotator",
            "skip_service_principal_aad_check": null,
            "timeouts": null
          },
          "sensitive_attributes": [],
          "private": "eyJlMmJmYjczMC1lY2FhLTExZTYtOGY4OC0zNDM2M2JjN2M0YzAiOnsiY3JlYXRlIjoxODAwMDAwMDAwMDAwLCJkZWxldGUiOjE4MDAwMDAwMDAwMDAsInJlYWQiOjMwMDAwMDAwMDAwMH19",
          "dependencies": [
            "azurerm_application_insights.app_insights",
            "azurerm_container_group.container_instance",
            "azurerm_key_vault.key_vault",
            "azurerm_resource_group.resource_group"
          ]
        }
      ]
    },
    {
      "mode": "managed",
      "type": "azurerm_role_assignment",
      "name": "storage_account_role_assignment",
      "provider": "provider[\"registry.terraform.io/hashicorp/azurerm\"]",
      "instances": [
        {
          "schema_version": 0,
          "attributes": {
            "condition": "",
            "condition_version": "",
            "delegated_managed_identity_resource_id": "",
            "description": "",
            "id": "/subscriptions/3e779c1e-902f-4065-8d0a-ae9d1e29401f/resourceGroups/rg-azure-secret-rotator-dev/providers/Microsoft.Storage/storageAccounts/saazuresecretrotatordev/providers/Microsoft.Authorization/roleAssignments/3fc08c4b-fcf6-86c2-73d9-157b2077ad96",
            "name": "3fc08c4b-fcf6-86c2-73d9-157b2077ad96",
            "principal_id": "c43bce13-8cfc-4561-ad0f-d08f0176e874",
            "principal_type": "ServicePrincipal",
            "role_definition_id": "/subscriptions/3e779c1e-902f-4065-8d0a-ae9d1e29401f/providers/Microsoft.Authorization/roleDefinitions/0a9a7e1f-b9d0-4cc4-a60d-0319b160aaa3",
            "role_definition_name": "Storage Table Data Contributor",
            "scope": "/subscriptions/3e779c1e-902f-4065-8d0a-ae9d1e29401f/resourceGroups/rg-azure-secret-rotator-dev/providers/Microsoft.Storage/storageAccounts/saazuresecretrotatordev",
            "skip_service_principal_aad_check": null,
            "timeouts": null
          },
          "sensitive_attributes": [],
          "private": "eyJlMmJmYjczMC1lY2FhLTExZTYtOGY4OC0zNDM2M2JjN2M0YzAiOnsiY3JlYXRlIjoxODAwMDAwMDAwMDAwLCJkZWxldGUiOjE4MDAwMDAwMDAwMDAsInJlYWQiOjMwMDAwMDAwMDAwMH19",
          "dependencies": [
            "azurerm_container_group.container_instance",
            "azurerm_resource_group.resource_group",
            "azurerm_storage_account.storage_account",
            "azurerm_subnet.subnet1",
            "azurerm_virtual_network.vnet"
          ]
        }
      ]
    },
    {
      "mode": "managed",
      "type": "azurerm_storage_account",
      "name": "storage_account",
      "provider": "provider[\"registry.terraform.io/hashicorp/azurerm\"]",
      "instances": [
        {
          "schema_version": 4,
          "attributes": {
            "access_tier": "Hot",
            "account_kind": "StorageV2",
            "account_replication_type": "LRS",
            "account_tier": "Standard",
            "allow_nested_items_to_be_public": true,
            "allowed_copy_scope": "",
            "azure_files_authentication": [],
            "blob_properties": [
              {
                "change_feed_enabled": false,
                "change_feed_retention_in_days": 0,
                "container_delete_retention_policy": [],
                "cors_rule": [],
                "default_service_version": "",
                "delete_retention_policy": [],
                "last_access_time_enabled": false,
                "restore_policy": [],
                "versioning_enabled": false
              }
            ],
            "cross_tenant_replication_enabled": false,
            "custom_domain": [],
            "customer_managed_key": [],
            "default_to_oauth_authentication": false,
            "dns_endpoint_type": "Standard",
            "edge_zone": "",
            "https_traffic_only_enabled": true,
            "id": "/subscriptions/3e779c1e-902f-4065-8d0a-ae9d1e29401f/resourceGroups/rg-azure-secret-rotator-dev/providers/Microsoft.Storage/storageAccounts/saazuresecretrotatordev",
            "identity": [],
            "immutability_policy": [],
            "infrastructure_encryption_enabled": false,
            "is_hns_enabled": false,
            "large_file_share_enabled": false,
            "local_user_enabled": true,
            "location": "westeurope",
            "min_tls_version": "TLS1_2",
            "name": "saazuresecretrotatordev",
            "network_rules": [
              {
                "bypass": [
                  "AzureServices"
                ],
                "default_action": "Deny",
                "ip_rules": [
                  "212.149.156.146"
                ],
                "private_link_access": [],
                "virtual_network_subnet_ids": []
              }
            ],
            "nfsv3_enabled": false,
            "primary_access_key": "/kETfD7C1IfEatXhdqjCe02KIBOh46D5FBC+i3gubBRiM+MhyREt5rRFGtiO5/xMYXloRv1ayxnr+AStGe5BBA==",
            "primary_blob_connection_string": "DefaultEndpointsProtocol=https;BlobEndpoint=https://saazuresecretrotatordev.blob.core.windows.net/;AccountName=saazuresecretrotatordev;AccountKey=/kETfD7C1IfEatXhdqjCe02KIBOh46D5FBC+i3gubBRiM+MhyREt5rRFGtiO5/xMYXloRv1ayxnr+AStGe5BBA==",
            "primary_blob_endpoint": "https://saazuresecretrotatordev.blob.core.windows.net/",
            "primary_blob_host": "saazuresecretrotatordev.blob.core.windows.net",
            "primary_blob_internet_endpoint": "",
            "primary_blob_internet_host": "",
            "primary_blob_microsoft_endpoint": "",
            "primary_blob_microsoft_host": "",
            "primary_connection_string": "DefaultEndpointsProtocol=https;AccountName=saazuresecretrotatordev;AccountKey=/kETfD7C1IfEatXhdqjCe02KIBOh46D5FBC+i3gubBRiM+MhyREt5rRFGtiO5/xMYXloRv1ayxnr+AStGe5BBA==;EndpointSuffix=core.windows.net",
            "primary_dfs_endpoint": "https://saazuresecretrotatordev.dfs.core.windows.net/",
            "primary_dfs_host": "saazuresecretrotatordev.dfs.core.windows.net",
            "primary_dfs_internet_endpoint": "",
            "primary_dfs_internet_host": "",
            "primary_dfs_microsoft_endpoint": "",
            "primary_dfs_microsoft_host": "",
            "primary_file_endpoint": "https://saazuresecretrotatordev.file.core.windows.net/",
            "primary_file_host": "saazuresecretrotatordev.file.core.windows.net",
            "primary_file_internet_endpoint": "",
            "primary_file_internet_host": "",
            "primary_file_microsoft_endpoint": "",
            "primary_file_microsoft_host": "",
            "primary_location": "westeurope",
            "primary_queue_endpoint": "https://saazuresecretrotatordev.queue.core.windows.net/",
            "primary_queue_host": "saazuresecretrotatordev.queue.core.windows.net",
            "primary_queue_microsoft_endpoint": "",
            "primary_queue_microsoft_host": "",
            "primary_table_endpoint": "https://saazuresecretrotatordev.table.core.windows.net/",
            "primary_table_host": "saazuresecretrotatordev.table.core.windows.net",
            "primary_table_microsoft_endpoint": "",
            "primary_table_microsoft_host": "",
            "primary_web_endpoint": "https://saazuresecretrotatordev.z6.web.core.windows.net/",
            "primary_web_host": "saazuresecretrotatordev.z6.web.core.windows.net",
            "primary_web_internet_endpoint": "",
            "primary_web_internet_host": "",
            "primary_web_microsoft_endpoint": "",
            "primary_web_microsoft_host": "",
            "public_network_access_enabled": true,
            "queue_encryption_key_type": "Service",
            "queue_properties": [
              {
                "cors_rule": [],
                "hour_metrics": [
                  {
                    "enabled": true,
                    "include_apis": true,
                    "retention_policy_days": 7,
                    "version": "1.0"
                  }
                ],
                "logging": [
                  {
                    "delete": false,
                    "read": false,
                    "retention_policy_days": 0,
                    "version": "1.0",
                    "write": false
                  }
                ],
                "minute_metrics": [
                  {
                    "enabled": false,
                    "include_apis": false,
                    "retention_policy_days": 0,
                    "version": "1.0"
                  }
                ]
              }
            ],
            "resource_group_name": "rg-azure-secret-rotator-dev",
            "routing": [],
            "sas_policy": [],
            "secondary_access_key": "ZtxuEOrAOleYnJyrPVfny0u0KOxFRgQQOOz3VptSjiEjRsqexe+K97pcRIPMukjt1wq9koMpLzcH+ASt5iCyIw==",
            "secondary_blob_connection_string": "",
            "secondary_blob_endpoint": "",
            "secondary_blob_host": "",
            "secondary_blob_internet_endpoint": "",
            "secondary_blob_internet_host": "",
            "secondary_blob_microsoft_endpoint": "",
            "secondary_blob_microsoft_host": "",
            "secondary_connection_string": "DefaultEndpointsProtocol=https;AccountName=saazuresecretrotatordev;AccountKey=ZtxuEOrAOleYnJyrPVfny0u0KOxFRgQQOOz3VptSjiEjRsqexe+K97pcRIPMukjt1wq9koMpLzcH+ASt5iCyIw==;EndpointSuffix=core.windows.net",
            "secondary_dfs_endpoint": "",
            "secondary_dfs_host": "",
            "secondary_dfs_internet_endpoint": "",
            "secondary_dfs_internet_host": "",
            "secondary_dfs_microsoft_endpoint": "",
            "secondary_dfs_microsoft_host": "",
            "secondary_file_endpoint": "",
            "secondary_file_host": "",
            "secondary_file_internet_endpoint": "",
            "secondary_file_internet_host": "",
            "secondary_file_microsoft_endpoint": "",
            "secondary_file_microsoft_host": "",
            "secondary_location": "",
            "secondary_queue_endpoint": "",
            "secondary_queue_host": "",
            "secondary_queue_microsoft_endpoint": "",
            "secondary_queue_microsoft_host": "",
            "secondary_table_endpoint": "",
            "secondary_table_host": "",
            "secondary_table_microsoft_endpoint": "",
            "secondary_table_microsoft_host": "",
            "secondary_web_endpoint": "",
            "secondary_web_host": "",
            "secondary_web_internet_endpoint": "",
            "secondary_web_internet_host": "",
            "secondary_web_microsoft_endpoint": "",
            "secondary_web_microsoft_host": "",
            "sftp_enabled": false,
            "share_properties": [
              {
                "cors_rule": [],
                "retention_policy": [
                  {
                    "days": 7
                  }
                ],
                "smb": []
              }
            ],
            "shared_access_key_enabled": true,
            "static_website": [],
            "table_encryption_key_type": "Service",
            "tags": {},
            "timeouts": null
          },
          "sensitive_attributes": [],
          "private": "eyJlMmJmYjczMC1lY2FhLTExZTYtOGY4OC0zNDM2M2JjN2M0YzAiOnsiY3JlYXRlIjozNjAwMDAwMDAwMDAwLCJkZWxldGUiOjM2MDAwMDAwMDAwMDAsInJlYWQiOjMwMDAwMDAwMDAwMCwidXBkYXRlIjozNjAwMDAwMDAwMDAwfSwic2NoZW1hX3ZlcnNpb24iOiI0In0=",
          "dependencies": [
            "azurerm_resource_group.resource_group"
          ]
        }
      ]
    },
    {
      "mode": "managed",
      "type": "azurerm_storage_table",
      "name": "storage_table",
      "provider": "provider[\"registry.terraform.io/hashicorp/azurerm\"]",
      "instances": [
        {
          "schema_version": 2,
          "attributes": {
            "acl": [],
            "id": "https://saazuresecretrotatordev.table.core.windows.net/Tables('appRegistrations')",
            "name": "appRegistrations",
            "storage_account_name": "saazuresecretrotatordev",
            "timeouts": null
          },
          "sensitive_attributes": [],
          "private": "eyJlMmJmYjczMC1lY2FhLTExZTYtOGY4OC0zNDM2M2JjN2M0YzAiOnsiY3JlYXRlIjoxODAwMDAwMDAwMDAwLCJkZWxldGUiOjE4MDAwMDAwMDAwMDAsInJlYWQiOjMwMDAwMDAwMDAwMCwidXBkYXRlIjoxODAwMDAwMDAwMDAwfSwic2NoZW1hX3ZlcnNpb24iOiIyIn0=",
          "dependencies": [
            "azurerm_resource_group.resource_group",
            "azurerm_storage_account.storage_account"
          ]
        }
      ]
    },
    {
      "mode": "managed",
      "type": "azurerm_storage_table_entity",
      "name": "storage_table_entity",
      "provider": "provider[\"registry.terraform.io/hashicorp/azurerm\"]",
      "instances": [
        {
          "schema_version": 0,
          "attributes": {
            "entity": {
              "AppRegistrationName": "Example Name",
              "AppRegistrationObjectId": "OBJECT ID!!!",
              "GithubRepository": "Optional",
              "KeyVaultName": "Required",
              "NotificationEmail": "Required",
              "Owner": "Optional",
              "Reprocess": "automatically changed value",
              "SecretName": "If not specified, default will be used",
              "SubscriptionID": "Required"
            },
            "id": "https://saazuresecretrotatordev.table.core.windows.net/appRegistrations(PartitionKey='0',RowKey='0')",
            "partition_key": "0",
            "row_key": "0",
            "storage_table_id": "https://saazuresecretrotatordev.table.core.windows.net/Tables('appRegistrations')",
            "timeouts": null
          },
          "sensitive_attributes": [],
          "private": "eyJlMmJmYjczMC1lY2FhLTExZTYtOGY4OC0zNDM2M2JjN2M0YzAiOnsiY3JlYXRlIjoxODAwMDAwMDAwMDAwLCJkZWxldGUiOjE4MDAwMDAwMDAwMDAsInJlYWQiOjMwMDAwMDAwMDAwMCwidXBkYXRlIjoxODAwMDAwMDAwMDAwfX0=",
          "dependencies": [
            "azurerm_container_group.container_instance",
            "azurerm_resource_group.resource_group",
            "azurerm_role_assignment.storage_account_role_assignment",
            "azurerm_storage_account.storage_account",
            "azurerm_storage_table.storage_table",
            "azurerm_subnet.subnet1",
            "azurerm_virtual_network.vnet"
          ]
        }
      ]
    },
    {
      "mode": "managed",
      "type": "azurerm_subnet",
      "name": "subnet1",
      "provider": "provider[\"registry.terraform.io/hashicorp/azurerm\"]",
      "instances": [
        {
          "schema_version": 0,
          "attributes": {
            "address_prefixes": [
              "10.0.0.0/24"
            ],
            "default_outbound_access_enabled": true,
            "delegation": [
              {
                "name": "delegation",
                "service_delegation": [
                  {
                    "actions": [
                      "Microsoft.Network/virtualNetworks/subnets/action"
                    ],
                    "name": "Microsoft.Web/serverFarms"
                  }
                ]
              }
            ],
            "id": "/subscriptions/3e779c1e-902f-4065-8d0a-ae9d1e29401f/resourceGroups/rg-azure-secret-rotator-dev/providers/Microsoft.Network/virtualNetworks/vnet-azure-secret-rotator-dev/subnets/snet-azure-secret-rotator-dev-1",
            "name": "snet-azure-secret-rotator-dev-1",
            "private_endpoint_network_policies": "Disabled",
            "private_link_service_network_policies_enabled": true,
            "resource_group_name": "rg-azure-secret-rotator-dev",
            "service_endpoint_policy_ids": [],
            "service_endpoints": [
              "Microsoft.Web"
            ],
            "timeouts": null,
            "virtual_network_name": "vnet-azure-secret-rotator-dev"
          },
          "sensitive_attributes": [],
          "private": "eyJlMmJmYjczMC1lY2FhLTExZTYtOGY4OC0zNDM2M2JjN2M0YzAiOnsiY3JlYXRlIjoxODAwMDAwMDAwMDAwLCJkZWxldGUiOjE4MDAwMDAwMDAwMDAsInJlYWQiOjMwMDAwMDAwMDAwMCwidXBkYXRlIjoxODAwMDAwMDAwMDAwfX0=",
          "dependencies": [
            "azurerm_resource_group.resource_group",
            "azurerm_virtual_network.vnet"
          ]
        }
      ]
    },
    {
      "mode": "managed",
      "type": "azurerm_subnet",
      "name": "subnet2",
      "provider": "provider[\"registry.terraform.io/hashicorp/azurerm\"]",
      "instances": [
        {
          "schema_version": 0,
          "attributes": {
            "address_prefixes": [
              "10.0.2.0/23"
            ],
            "default_outbound_access_enabled": true,
            "delegation": [],
            "id": "/subscriptions/3e779c1e-902f-4065-8d0a-ae9d1e29401f/resourceGroups/rg-azure-secret-rotator-dev/providers/Microsoft.Network/virtualNetworks/vnet-azure-secret-rotator-dev/subnets/snet-azure-secret-rotator-dev-2",
            "name": "snet-azure-secret-rotator-dev-2",
            "private_endpoint_network_policies": "Disabled",
            "private_link_service_network_policies_enabled": true,
            "resource_group_name": "rg-azure-secret-rotator-dev",
            "service_endpoint_policy_ids": [],
            "service_endpoints": [
              "Microsoft.Web"
            ],
            "timeouts": null,
            "virtual_network_name": "vnet-azure-secret-rotator-dev"
          },
          "sensitive_attributes": [],
          "private": "eyJlMmJmYjczMC1lY2FhLTExZTYtOGY4OC0zNDM2M2JjN2M0YzAiOnsiY3JlYXRlIjoxODAwMDAwMDAwMDAwLCJkZWxldGUiOjE4MDAwMDAwMDAwMDAsInJlYWQiOjMwMDAwMDAwMDAwMCwidXBkYXRlIjoxODAwMDAwMDAwMDAwfX0=",
          "dependencies": [
            "azurerm_resource_group.resource_group",
            "azurerm_virtual_network.vnet"
          ]
        }
      ]
    },
    {
      "mode": "managed",
      "type": "azurerm_virtual_network",
      "name": "vnet",
      "provider": "provider[\"registry.terraform.io/hashicorp/azurerm\"]",
      "instances": [
        {
          "schema_version": 0,
          "attributes": {
            "address_space": [
              "10.0.0.0/22"
            ],
            "bgp_community": "",
            "ddos_protection_plan": [],
            "dns_servers": [],
            "edge_zone": "",
            "encryption": [],
            "flow_timeout_in_minutes": 0,
            "guid": "8c3b5ff3-b5de-41bc-b019-f353c20abab5",
            "id": "/subscriptions/3e779c1e-902f-4065-8d0a-ae9d1e29401f/resourceGroups/rg-azure-secret-rotator-dev/providers/Microsoft.Network/virtualNetworks/vnet-azure-secret-rotator-dev",
            "location": "westeurope",
            "name": "vnet-azure-secret-rotator-dev",
            "resource_group_name": "rg-azure-secret-rotator-dev",
            "subnet": [
              {
                "address_prefixes": [
                  "10.0.0.0/24"
                ],
                "default_outbound_access_enabled": true,
                "delegation": [
                  {
                    "name": "delegation",
                    "service_delegation": [
                      {
                        "actions": [
                          "Microsoft.Network/virtualNetworks/subnets/action"
                        ],
                        "name": "Microsoft.Web/serverFarms"
                      }
                    ]
                  }
                ],
                "id": "/subscriptions/3e779c1e-902f-4065-8d0a-ae9d1e29401f/resourceGroups/rg-azure-secret-rotator-dev/providers/Microsoft.Network/virtualNetworks/vnet-azure-secret-rotator-dev/subnets/snet-azure-secret-rotator-dev-1",
                "name": "snet-azure-secret-rotator-dev-1",
                "private_endpoint_network_policies": "Disabled",
                "private_link_service_network_policies_enabled": true,
                "route_table_id": "",
                "security_group": "",
                "service_endpoint_policy_ids": [],
                "service_endpoints": [
                  "Microsoft.Web"
                ]
              },
              {
                "address_prefixes": [
                  "10.0.2.0/23"
                ],
                "default_outbound_access_enabled": true,
                "delegation": [],
                "id": "/subscriptions/3e779c1e-902f-4065-8d0a-ae9d1e29401f/resourceGroups/rg-azure-secret-rotator-dev/providers/Microsoft.Network/virtualNetworks/vnet-azure-secret-rotator-dev/subnets/snet-azure-secret-rotator-dev-2",
                "name": "snet-azure-secret-rotator-dev-2",
                "private_endpoint_network_policies": "Disabled",
                "private_link_service_network_policies_enabled": true,
                "route_table_id": "",
                "security_group": "",
                "service_endpoint_policy_ids": [],
                "service_endpoints": [
                  "Microsoft.Web"
                ]
              }
            ],
            "tags": {},
            "timeouts": null
          },
          "sensitive_attributes": [],
          "private": "eyJlMmJmYjczMC1lY2FhLTExZTYtOGY4OC0zNDM2M2JjN2M0YzAiOnsiY3JlYXRlIjoxODAwMDAwMDAwMDAwLCJkZWxldGUiOjE4MDAwMDAwMDAwMDAsInJlYWQiOjMwMDAwMDAwMDAwMCwidXBkYXRlIjoxODAwMDAwMDAwMDAwfX0=",
          "dependencies": [
            "azurerm_resource_group.resource_group"
          ]
        }
      ]
    }
  ],
  "check_results": null
}
